
Microsoft Visual Studio Solution File, Format Version 12.00
# Visual Studio Version 17
VisualStudioVersion = 17.8.34525.116
MinimumVisualStudioVersion = 10.0.40219.1
Project("{FAE04EC0-301F-11D3-BF4B-00C04F79EFBC}") = "BookShoppingCart", "BookShoppingCart\BookShoppingCart.csproj", "{DAD28D4E-E439-4067-AD49-8B108305ED1D}"
EndProject
Global
	GlobalSection(SolutionConfigurationPlatforms) = preSolution
		Debug|Any CPU = Debug|Any CPU
		Release|Any CPU = Release|Any CPU
	EndGlobalSection
	GlobalSection(ProjectConfigurationPlatforms) = postSolution
		{DAD28D4E-E439-4067-AD49-8B108305ED1D}.Debug|Any CPU.ActiveCfg = Debug|Any CPU
		{DAD28D4E-E439-4067-AD49-8B108305ED1D}.Debug|Any CPU.Build.0 = Debug|Any CPU
		{DAD28D4E-E439-4067-AD49-8B108305ED1D}.Release|Any CPU.ActiveCfg = Release|Any CPU
		{DAD28D4E-E439-4067-AD49-8B108305ED1D}.Release|Any CPU.Build.0 = Release|Any CPU
	EndGlobalSection
	GlobalSection(SolutionProperties) = preSolution
		HideSolutionNode = FALSE
	EndGlobalSection
	GlobalSection(ExtensibilityGlobals) = postSolution
		SolutionGuid = {5F8DDEC3-2557-46DC-AFDE-5256A3FF7854}
	EndGlobalSection
EndGlobal
