
Microsoft Visual Studio Solution File, Format Version 12.00
# Visual Studio Version 17
VisualStudioVersion = 17.8.34525.116
MinimumVisualStudioVersion = 10.0.40219.1
Project("{FAE04EC0-301F-11D3-BF4B-00C04F79EFBC}") = "Model_to_view", "Model_to_view\Model_to_view.csproj", "{42572375-2EC7-409A-835E-E56010406587}"
EndProject
Global
	GlobalSection(SolutionConfigurationPlatforms) = preSolution
		Debug|Any CPU = Debug|Any CPU
		Release|Any CPU = Release|Any CPU
	EndGlobalSection
	GlobalSection(ProjectConfigurationPlatforms) = postSolution
		{42572375-2EC7-409A-835E-E56010406587}.Debug|Any CPU.ActiveCfg = Debug|Any CPU
		{42572375-2EC7-409A-835E-E56010406587}.Debug|Any CPU.Build.0 = Debug|Any CPU
		{42572375-2EC7-409A-835E-E56010406587}.Release|Any CPU.ActiveCfg = Release|Any CPU
		{42572375-2EC7-409A-835E-E56010406587}.Release|Any CPU.Build.0 = Release|Any CPU
	EndGlobalSection
	GlobalSection(SolutionProperties) = preSolution
		HideSolutionNode = FALSE
	EndGlobalSection
	GlobalSection(ExtensibilityGlobals) = postSolution
		SolutionGuid = {79B73D0C-D86E-4C7B-96C3-9E7AD322FA5C}
	EndGlobalSection
EndGlobal
